
Microsoft Visual Studio Solution File, Format Version 12.00
# Visual Studio Version 17
VisualStudioVersion = 17.8.34511.84
MinimumVisualStudioVersion = 10.0.40219.1
Project("{FAE04EC0-301F-11D3-BF4B-00C04F79EFBC}") = "BidCalculation", "BidCalculation.csproj", "{C811F395-590A-4987-9E99-93868C265156}"
EndProject
Project("{FAE04EC0-301F-11D3-BF4B-00C04F79EFBC}") = "BidCalculation.Domain", "..\BidCalculation.Domain\BidCalculation.Domain.csproj", "{AF7AF194-E996-4B1C-A034-1372F112B700}"
EndProject
Project("{FAE04EC0-301F-11D3-BF4B-00C04F79EFBC}") = "BidCalculation.Infrastructure", "..\BidCalculation.Infrastructure\BidCalculation.Infrastructure.csproj", "{8CED529E-56D6-48F7-BD68-8D3ABBD2DB29}"
EndProject
Project("{FAE04EC0-301F-11D3-BF4B-00C04F79EFBC}") = "BidCalculation.Test", "..\BidCalculation.Test\BidCalculation.Test.csproj", "{9863C665-8355-479C-B345-9D7A5DAA4261}"
EndProject
Global
	GlobalSection(SolutionConfigurationPlatforms) = preSolution
		Debug|Any CPU = Debug|Any CPU
		Release|Any CPU = Release|Any CPU
	EndGlobalSection
	GlobalSection(ProjectConfigurationPlatforms) = postSolution
		{C811F395-590A-4987-9E99-93868C265156}.Debug|Any CPU.ActiveCfg = Debug|Any CPU
		{C811F395-590A-4987-9E99-93868C265156}.Debug|Any CPU.Build.0 = Debug|Any CPU
		{C811F395-590A-4987-9E99-93868C265156}.Release|Any CPU.ActiveCfg = Release|Any CPU
		{C811F395-590A-4987-9E99-93868C265156}.Release|Any CPU.Build.0 = Release|Any CPU
		{AF7AF194-E996-4B1C-A034-1372F112B700}.Debug|Any CPU.ActiveCfg = Debug|Any CPU
		{AF7AF194-E996-4B1C-A034-1372F112B700}.Debug|Any CPU.Build.0 = Debug|Any CPU
		{AF7AF194-E996-4B1C-A034-1372F112B700}.Release|Any CPU.ActiveCfg = Release|Any CPU
		{AF7AF194-E996-4B1C-A034-1372F112B700}.Release|Any CPU.Build.0 = Release|Any CPU
		{8CED529E-56D6-48F7-BD68-8D3ABBD2DB29}.Debug|Any CPU.ActiveCfg = Debug|Any CPU
		{8CED529E-56D6-48F7-BD68-8D3ABBD2DB29}.Debug|Any CPU.Build.0 = Debug|Any CPU
		{8CED529E-56D6-48F7-BD68-8D3ABBD2DB29}.Release|Any CPU.ActiveCfg = Release|Any CPU
		{8CED529E-56D6-48F7-BD68-8D3ABBD2DB29}.Release|Any CPU.Build.0 = Release|Any CPU
		{9863C665-8355-479C-B345-9D7A5DAA4261}.Debug|Any CPU.ActiveCfg = Debug|Any CPU
		{9863C665-8355-479C-B345-9D7A5DAA4261}.Debug|Any CPU.Build.0 = Debug|Any CPU
		{9863C665-8355-479C-B345-9D7A5DAA4261}.Release|Any CPU.ActiveCfg = Release|Any CPU
		{9863C665-8355-479C-B345-9D7A5DAA4261}.Release|Any CPU.Build.0 = Release|Any CPU
	EndGlobalSection
	GlobalSection(SolutionProperties) = preSolution
		HideSolutionNode = FALSE
	EndGlobalSection
	GlobalSection(ExtensibilityGlobals) = postSolution
		SolutionGuid = {70008EAB-A267-4270-9F7A-558867FA4CBB}
	EndGlobalSection
EndGlobal
